// !$*UTF8*$!
{
	archiveVersion = 1;
	classes = {
	};
	objectVersion = 50;
	objects = {

/* Begin PBXBuildFile section */
		7BDE465086DD40329BBF7F5C /* Pods_socketDemo.framework in Frameworks */ = {isa = PBXBuildFile; fileRef = C2D9AE154CF8DAE1A30EDD3F /* Pods_socketDemo.framework */; };
		FF2D7ACE24CFE52400AC5882 /* AppDelegate.m in Sources */ = {isa = PBXBuildFile; fileRef = FF2D7ACD24CFE52400AC5882 /* AppDelegate.m */; };
		FF2D7AD124CFE52400AC5882 /* SceneDelegate.m in Sources */ = {isa = PBXBuildFile; fileRef = FF2D7AD024CFE52400AC5882 /* SceneDelegate.m */; };
		FF2D7AD424CFE52400AC5882 /* ViewController.m in Sources */ = {isa = PBXBuildFile; fileRef = FF2D7AD324CFE52400AC5882 /* ViewController.m */; };
		FF2D7AD724CFE52400AC5882 /* Main.storyboard in Resources */ = {isa = PBXBuildFile; fileRef = FF2D7AD524CFE52400AC5882 /* Main.storyboard */; };
		FF2D7AD924CFE52600AC5882 /* Assets.xcassets in Resources */ = {isa = PBXBuildFile; fileRef = FF2D7AD824CFE52600AC5882 /* Assets.xcassets */; };
		FF2D7ADC24CFE52600AC5882 /* LaunchScreen.storyboard in Resources */ = {isa = PBXBuildFile; fileRef = FF2D7ADA24CFE52600AC5882 /* LaunchScreen.storyboard */; };
		FF2D7ADF24CFE52600AC5882 /* main.m in Sources */ = {isa = PBXBuildFile; fileRef = FF2D7ADE24CFE52600AC5882 /* main.m */; };
/* End PBXBuildFile section */

/* Begin PBXFileReference section */
		021234D1B1242491C325EECB /* Pods-socketDemo.release.xcconfig */ = {isa = PBXFileReference; includeInIndex = 1; lastKnownFileType = text.xcconfig; name = "Pods-socketDemo.release.xcconfig"; path = "Target Support Files/Pods-socketDemo/Pods-socketDemo.release.xcconfig"; sourceTree = "<group>"; };
		3A2B11E3CDBB4FBFE9CF0099 /* Pods-socketDemo.debug.xcconfig */ = {isa = PBXFileReference; includeInIndex = 1; lastKnownFileType = text.xcconfig; name = "Pods-socketDemo.debug.xcconfig"; path = "Target Support Files/Pods-socketDemo/Pods-socketDemo.debug.xcconfig"; sourceTree = "<group>"; };
		C2D9AE154CF8DAE1A30EDD3F /* Pods_socketDemo.framework */ = {isa = PBXFileReference; explicitFileType = wrapper.framework; includeInIndex = 0; path = Pods_socketDemo.framework; sourceTree = BUILT_PRODUCTS_DIR; };
		FF2D7AC924CFE52400AC5882 /* socketDemo.app */ = {isa = PBXFileReference; explicitFileType = wrapper.application; includeInIndex = 0; path = socketDemo.app; sourceTree = BUILT_PRODUCTS_DIR; };
		FF2D7ACC24CFE52400AC5882 /* AppDelegate.h */ = {isa = PBXFileReference; lastKnownFileType = sourcecode.c.h; path = AppDelegate.h; sourceTree = "<group>"; };
		FF2D7ACD24CFE52400AC5882 /* AppDelegate.m */ = {isa = PBXFileReference; lastKnownFileType = sourcecode.c.objc; path = AppDelegate.m; sourceTree = "<group>"; };
		FF2D7ACF24CFE52400AC5882 /* SceneDelegate.h */ = {isa = PBXFileReference; lastKnownFileType = sourcecode.c.h; path = SceneDelegate.h; sourceTree = "<group>"; };
		FF2D7AD024CFE52400AC5882 /* SceneDelegate.m */ = {isa = PBXFileReference; lastKnownFileType = sourcecode.c.objc; path = SceneDelegate.m; sourceTree = "<group>"; };
		FF2D7AD224CFE52400AC5882 /* ViewController.h */ = {isa = PBXFileReference; lastKnownFileType = sourcecode.c.h; path = ViewController.h; sourceTree = "<group>"; };
		FF2D7AD324CFE52400AC5882 /* ViewController.m */ = {isa = PBXFileReference; lastKnownFileType = sourcecode.c.objc; path = ViewController.m; sourceTree = "<group>"; };
		FF2D7AD624CFE52400AC5882 /* Base */ = {isa = PBXFileReference; lastKnownFileType = file.storyboard; name = Base; path = Base.lproj/Main.storyboard; sourceTree = "<group>"; };
		FF2D7AD824CFE52600AC5882 /* Assets.xcassets */ = {isa = PBXFileReference; lastKnownFileType = folder.assetcatalog; path = Assets.xcassets; sourceTree = "<group>"; };
		FF2D7ADB24CFE52600AC5882 /* Base */ = {isa = PBXFileReference; lastKnownFileType = file.storyboard; name = Base; path = Base.lproj/LaunchScreen.storyboard; sourceTree = "<group>"; };
		FF2D7ADD24CFE52600AC5882 /* Info.plist */ = {isa = PBXFileReference; lastKnownFileType = text.plist.xml; path = Info.plist; sourceTree = "<group>"; };
		FF2D7ADE24CFE52600AC5882 /* main.m */ = {isa = PBXFileReference; lastKnownFileType = sourcecode.c.objc; path = main.m; sourceTree = "<group>"; };
/* End PBXFileReference section */

/* Begin PBXFrameworksBuildPhase section */
		FF2D7AC624CFE52400AC5882 /* Frameworks */ = {
			isa = PBXFrameworksBuildPhase;
			buildActionMask = 2147483647;
			files = (
				7BDE465086DD40329BBF7F5C /* Pods_socketDemo.framework in Frameworks */,
			);
			runOnlyForDeploymentPostprocessing = 0;
		};
/* End PBXFrameworksBuildPhase section */

/* Begin PBXGroup section */
		517FB74CCDBAAFF0359DB5CA /* Pods */ = {
			isa = PBXGroup;
			children = (
				3A2B11E3CDBB4FBFE9CF0099 /* Pods-socketDemo.debug.xcconfig */,
				021234D1B1242491C325EECB /* Pods-socketDemo.release.xcconfig */,
			);
			name = Pods;
			path = Pods;
			sourceTree = "<group>";
		};
		873249D776B16CADCE1E394E /* Frameworks */ = {
			isa = PBXGroup;
			children = (
				C2D9AE154CF8DAE1A30EDD3F /* Pods_socketDemo.framework */,
			);
			name = Frameworks;
			sourceTree = "<group>";
		};
		FF2D7AC024CFE52400AC5882 = {
			isa = PBXGroup;
			children = (
				FF2D7ACB24CFE52400AC5882 /* socketDemo */,
				FF2D7ACA24CFE52400AC5882 /* Products */,
				517FB74CCDBAAFF0359DB5CA /* Pods */,
				873249D776B16CADCE1E394E /* Frameworks */,
			);
			sourceTree = "<group>";
		};
		FF2D7ACA24CFE52400AC5882 /* Products */ = {
			isa = PBXGroup;
			children = (
				FF2D7AC924CFE52400AC5882 /* socketDemo.app */,
			);
			name = Products;
			sourceTree = "<group>";
		};
		FF2D7ACB24CFE52400AC5882 /* socketDemo */ = {
			isa = PBXGroup;
			children = (
				FF2D7ACC24CFE52400AC5882 /* AppDelegate.h */,
				FF2D7ACD24CFE52400AC5882 /* AppDelegate.m */,
				FF2D7ACF24CFE52400AC5882 /* SceneDelegate.h */,
				FF2D7AD024CFE52400AC5882 /* SceneDelegate.m */,
				FF2D7AD224CFE52400AC5882 /* ViewController.h */,
				FF2D7AD324CFE52400AC5882 /* ViewController.m */,
				FF2D7AD524CFE52400AC5882 /* Main.storyboard */,
				FF2D7AD824CFE52600AC5882 /* Assets.xcassets */,
				FF2D7ADA24CFE52600AC5882 /* LaunchScreen.storyboard */,
				FF2D7ADD24CFE52600AC5882 /* Info.plist */,
				FF2D7ADE24CFE52600AC5882 /* main.m */,
			);
			path = socketDemo;
			sourceTree = "<group>";
		};
/* End PBXGroup section */

/* Begin PBXNativeTarget section */
		FF2D7AC824CFE52400AC5882 /* socketDemo */ = {
			isa = PBXNativeTarget;
			buildConfigurationList = FF2D7AE224CFE52600AC5882 /* Build configuration list for PBXNativeTarget "socketDemo" */;
			buildPhases = (
				38114816663FA09731E31ECA /* [CP] Check Pods Manifest.lock */,
				FF2D7AC524CFE52400AC5882 /* Sources */,
				FF2D7AC624CFE52400AC5882 /* Frameworks */,
				FF2D7AC724CFE52400AC5882 /* Resources */,
				CDD9619E24FCA82E9ADC03EC /* [CP] Embed Pods Frameworks */,
			);
			buildRules = (
			);
			dependencies = (
			);
			name = socketDemo;
			productName = socketDemo;
			productReference = FF2D7AC924CFE52400AC5882 /* socketDemo.app */;
			productType = "com.apple.product-type.application";
		};
/* End PBXNativeTarget section */

/* Begin PBXProject section */
		FF2D7AC124CFE52400AC5882 /* Project object */ = {
			isa = PBXProject;
			attributes = {
				LastUpgradeCheck = 1150;
				ORGANIZATIONNAME = kingboyrang;
				TargetAttributes = {
					FF2D7AC824CFE52400AC5882 = {
						CreatedOnToolsVersion = 11.5;
					};
				};
			};
			buildConfigurationList = FF2D7AC424CFE52400AC5882 /* Build configuration list for PBXProject "socketDemo" */;
			compatibilityVersion = "Xcode 9.3";
			developmentRegion = en;
			hasScannedForEncodings = 0;
			knownRegions = (
				en,
				Base,
			);
			mainGroup = FF2D7AC024CFE52400AC5882;
			productRefGroup = FF2D7ACA24CFE52400AC5882 /* Products */;
			projectDirPath = "";
			projectRoot = "";
			targets = (
				FF2D7AC824CFE52400AC5882 /* socketDemo */,
			);
		};
/* End PBXProject section */

/* Begin PBXResourcesBuildPhase section */
		FF2D7AC724CFE52400AC5882 /* Resources */ = {
			isa = PBXResourcesBuildPhase;
			buildActionMask = 2147483647;
			files = (
				FF2D7ADC24CFE52600AC5882 /* LaunchScreen.storyboard in Resources */,
				FF2D7AD924CFE52600AC5882 /* Assets.xcassets in Resources */,
				FF2D7AD724CFE52400AC5882 /* Main.storyboard in Resources */,
			);
			runOnlyForDeploymentPostprocessing = 0;
		};
/* End PBXResourcesBuildPhase section */

/* Begin PBXShellScriptBuildPhase section */
		38114816663FA09731E31ECA /* [CP] Check Pods Manifest.lock */ = {
			isa = PBXShellScriptBuildPhase;
			buildActionMask = 2147483647;
			files = (
			);
			inputFileListPaths = (
			);
			inputPaths = (
				"${PODS_PODFILE_DIR_PATH}/Podfile.lock",
				"${PODS_ROOT}/Manifest.lock",
			);
			name = "[CP] Check Pods Manifest.lock";
			outputFileListPaths = (
			);
			outputPaths = (
				"$(DERIVED_FILE_DIR)/Pods-socketDemo-checkManifestLockResult.txt",
			);
			runOnlyForDeploymentPostprocessing = 0;
			shellPath = /bin/sh;
			shellScript = "diff \"${PODS_PODFILE_DIR_PATH}/Podfile.lock\" \"${PODS_ROOT}/Manifest.lock\" > /dev/null\nif [ $? != 0 ] ; then\n    # print error to STDERR\n    echo \"error: The sandbox is not in sync with the Podfile.lock. Run 'pod install' or update your CocoaPods installation.\" >&2\n    exit 1\nfi\n# This output is used by Xcode 'outputs' to avoid re-running this script phase.\necho \"SUCCESS\" > \"${SCRIPT_OUTPUT_FILE_0}\"\n";
			showEnvVarsInLog = 0;
		};
		CDD9619E24FCA82E9ADC03EC /* [CP] Embed Pods Frameworks */ = {
			isa = PBXShellScriptBuildPhase;
			buildActionMask = 2147483647;
			files = (
			);
			inputFileListPaths = (
				"${PODS_ROOT}/Target Support Files/Pods-socketDemo/Pods-socketDemo-frameworks-${CONFIGURATION}-input-files.xcfilelist",
			);
			name = "[CP] Embed Pods Frameworks";
			outputFileListPaths = (
				"${PODS_ROOT}/Target Support Files/Pods-socketDemo/Pods-socketDemo-frameworks-${CONFIGURATION}-output-files.xcfilelist",
			);
			runOnlyForDeploymentPostprocessing = 0;
			shellPath = /bin/sh;
			shellScript = "\"${PODS_ROOT}/Target Support Files/Pods-socketDemo/Pods-socketDemo-frameworks.sh\"\n";
			showEnvVarsInLog = 0;
		};
/* End PBXShellScriptBuildPhase section */

/* Begin PBXSourcesBuildPhase section */
		FF2D7AC524CFE52400AC5882 /* Sources */ = {
			isa = PBXSourcesBuildPhase;
			buildActionMask = 2147483647;
			files = (
				FF2D7AD424CFE52400AC5882 /* ViewController.m in Sources */,
				FF2D7ACE24CFE52400AC5882 /* AppDelegate.m in Sources */,
				FF2D7ADF24CFE52600AC5882 /* main.m in Sources */,
				FF2D7AD124CFE52400AC5882 /* SceneDelegate.m in Sources */,
			);
			runOnlyForDeploymentPostprocessing = 0;
		};
/* End PBXSourcesBuildPhase section */

/* Begin PBXVariantGroup section */
		FF2D7AD524CFE52400AC5882 /* Main.storyboard */ = {
			isa = PBXVariantGroup;
			children = (
				FF2D7AD624CFE52400AC5882 /* Base */,
			);
			name = Main.storyboard;
			sourceTree = "<group>";
		};
		FF2D7ADA24CFE52600AC5882 /* LaunchScreen.storyboard */ = {
			isa = PBXVariantGroup;
			children = (
				FF2D7ADB24CFE52600AC5882 /* Base */,
			);
			name = LaunchScreen.storyboard;
			sourceTree = "<group>";
		};
/* End PBXVariantGroup section */

/* Begin XCBuildConfiguration section */
		FF2D7AE024CFE52600AC5882 /* Debug */ = {
			isa = XCBuildConfiguration;
			buildSettings = {
				ALWAYS_SEARCH_USER_PATHS = NO;
				CLANG_ANALYZER_NONNULL = YES;
				CLANG_ANALYZER_NUMBER_OBJECT_CONVERSION = YES_AGGRESSIVE;
				CLANG_CXX_LANGUAGE_STANDARD = "gnu++14";
				CLANG_CXX_LIBRARY = "libc++";
				CLANG_ENABLE_MODULES = YES;
				CLANG_ENABLE_OBJC_ARC = YES;
				CLANG_ENABLE_OBJC_WEAK = YES;
				CLANG_WARN_BLOCK_CAPTURE_AUTORELEASING = YES;
				CLANG_WARN_BOOL_CONVERSION = YES;
				CLANG_WARN_COMMA = YES;
				CLANG_WARN_CONSTANT_CONVERSION = YES;
				CLANG_WARN_DEPRECATED_OBJC_IMPLEMENTATIONS = YES;
				CLANG_WARN_DIRECT_OBJC_ISA_USAGE = YES_ERROR;
				CLANG_WARN_DOCUMENTATION_COMMENTS = YES;
				CLANG_WARN_EMPTY_BODY = YES;
				CLANG_WARN_ENUM_CONVERSION = YES;
				CLANG_WARN_INFINITE_RECURSION = YES;
				CLANG_WARN_INT_CONVERSION = YES;
				CLANG_WARN_NON_LITERAL_NULL_CONVERSION = YES;
				CLANG_WARN_OBJC_IMPLICIT_RETAIN_SELF = YES;
				CLANG_WARN_OBJC_LITERAL_CONVERSION = YES;
				CLANG_WARN_OBJC_ROOT_CLASS = YES_ERROR;
				CLANG_WARN_RANGE_LOOP_ANALYSIS = YES;
				CLANG_WARN_STRICT_PROTOTYPES = YES;
				CLANG_WARN_SUSPICIOUS_MOVE = YES;
				CLANG_WARN_UNGUARDED_AVAILABILITY = YES_AGGRESSIVE;
				CLANG_WARN_UNREACHABLE_CODE = YES;
				CLANG_WARN__DUPLICATE_METHOD_MATCH = YES;
				COPY_PHASE_STRIP = NO;
				DEBUG_INFORMATION_FORMAT = dwarf;
				ENABLE_STRICT_OBJC_MSGSEND = YES;
				ENABLE_TESTABILITY = YES;
				GCC_C_LANGUAGE_STANDARD = gnu11;
				GCC_DYNAMIC_NO_PIC = NO;
				GCC_NO_COMMON_BLOCKS = YES;
				GCC_OPTIMIZATION_LEVEL = 0;
				GCC_PREPROCESSOR_DEFINITIONS = (
					"DEBUG=1",
					"$(inherited)",
				);
				GCC_WARN_64_TO_32_BIT_CONVERSION = YES;
				GCC_WARN_ABOUT_RETURN_TYPE = YES_ERROR;
				GCC_WARN_UNDECLARED_SELECTOR = YES;
				GCC_WARN_UNINITIALIZED_AUTOS = YES_AGGRESSIVE;
				GCC_WARN_UNUSED_FUNCTION = YES;
				GCC_WARN_UNUSED_VARIABLE = YES;
				IPHONEOS_DEPLOYMENT_TARGET = 13.5;
				MTL_ENABLE_DEBUG_INFO = INCLUDE_SOURCE;
				MTL_FAST_MATH = YES;
				ONLY_ACTIVE_ARCH = YES;
				SDKROOT = iphoneos;
			};
			name = Debug;
		};
		FF2D7AE124CFE52600AC5882 /* Release */ = {
			isa = XCBuildConfiguration;
			buildSettings = {
				ALWAYS_SEARCH_USER_PATHS = NO;
				CLANG_ANALYZER_NONNULL = YES;
				CLANG_ANALYZER_NUMBER_OBJECT_CONVERSION = YES_AGGRESSIVE;
				CLANG_CXX_LANGUAGE_STANDARD = "gnu++14";
				CLANG_CXX_LIBRARY = "libc++";
				CLANG_ENABLE_MODULES = YES;
				CLANG_ENABLE_OBJC_ARC = YES;
				CLANG_ENABLE_OBJC_WEAK = YES;
				CLANG_WARN_BLOCK_CAPTURE_AUTORELEASING = YES;
				CLANG_WARN_BOOL_CONVERSION = YES;
				CLANG_WARN_COMMA = YES;
				CLANG_WARN_CONSTANT_CONVERSION = YES;
				CLANG_WARN_DEPRECATED_OBJC_IMPLEMENTATIONS = YES;
				CLANG_WARN_DIRECT_OBJC_ISA_USAGE = YES_ERROR;
				CLANG_WARN_DOCUMENTATION_COMMENTS = YES;
				CLANG_WARN_EMPTY_BODY = YES;
				CLANG_WARN_ENUM_CONVERSION = YES;
				CLANG_WARN_INFINITE_RECURSION = YES;
				CLANG_WARN_INT_CONVERSION = YES;
				CLANG_WARN_NON_LITERAL_NULL_CONVERSION = YES;
				CLANG_WARN_OBJC_IMPLICIT_RETAIN_SELF = YES;
				CLANG_WARN_OBJC_LITERAL_CONVERSION = YES;
				CLANG_WARN_OBJC_ROOT_CLASS = YES_ERROR;
				CLANG_WARN_RANGE_LOOP_ANALYSIS = YES;
				CLANG_WARN_STRICT_PROTOTYPES = YES;
				CLANG_WARN_SUSPICIOUS_MOVE = YES;
				CLANG_WARN_UNGUARDED_AVAILABILITY = YES_AGGRESSIVE;
				CLANG_WARN_UNREACHABLE_CODE = YES;
				CLANG_WARN__DUPLICATE_METHOD_MATCH = YES;
				COPY_PHASE_STRIP = NO;
				DEBUG_INFORMATION_FORMAT = "dwarf-with-dsym";
				ENABLE_NS_ASSERTIONS = NO;
				ENABLE_STRICT_OBJC_MSGSEND = YES;
				GCC_C_LANGUAGE_STANDARD = gnu11;
				GCC_NO_COMMON_BLOCKS = YES;
				GCC_WARN_64_TO_32_BIT_CONVERSION = YES;
				GCC_WARN_ABOUT_RETURN_TYPE = YES_ERROR;
				GCC_WARN_UNDECLARED_SELECTOR = YES;
				GCC_WARN_UNINITIALIZED_AUTOS = YES_AGGRESSIVE;
				GCC_WARN_UNUSED_FUNCTION = YES;
				GCC_WARN_UNUSED_VARIABLE = YES;
				IPHONEOS_DEPLOYMENT_TARGET = 13.5;
				MTL_ENABLE_DEBUG_INFO = NO;
				MTL_FAST_MATH = YES;
				SDKROOT = iphoneos;
				VALIDATE_PRODUCT = YES;
			};
			name = Release;
		};
		FF2D7AE324CFE52600AC5882 /* Debug */ = {
			isa = XCBuildConfiguration;
			baseConfigurationReference = 3A2B11E3CDBB4FBFE9CF0099 /* Pods-socketDemo.debug.xcconfig */;
			buildSettings = {
				ASSETCATALOG_COMPILER_APPICON_NAME = AppIcon;
				CODE_SIGN_STYLE = Automatic;
				INFOPLIST_FILE = socketDemo/Info.plist;
				IPHONEOS_DEPLOYMENT_TARGET = 9.0;
				LD_RUNPATH_SEARCH_PATHS = (
					"$(inherited)",
					"@executable_path/Frameworks",
				);
				PRODUCT_BUNDLE_IDENTIFIER = com.cloud.socketDemo;
				PRODUCT_NAME = "$(TARGET_NAME)";
				TARGETED_DEVICE_FAMILY = 1;
			};
			name = Debug;
		};
		FF2D7AE424CFE52600AC5882 /* Release */ = {
			isa = XCBuildConfiguration;
			baseConfigurationReference = 021234D1B1242491C325EECB /* Pods-socketDemo.release.xcconfig */;
			buildSettings = {
				ASSETCATALOG_COMPILER_APPICON_NAME = AppIcon;
				CODE_SIGN_STYLE = Automatic;
				INFOPLIST_FILE = socketDemo/Info.plist;
				IPHONEOS_DEPLOYMENT_TARGET = 9.0;
				LD_RUNPATH_SEARCH_PATHS = (
					"$(inherited)",
					"@executable_path/Frameworks",
				);
				PRODUCT_BUNDLE_IDENTIFIER = com.cloud.socketDemo;
				PRODUCT_NAME = "$(TARGET_NAME)";
				TARGETED_DEVICE_FAMILY = 1;
			};
			name = Release;
		};
/* End XCBuildConfiguration section */

/* Begin XCConfigurationList section */
		FF2D7AC424CFE52400AC5882 /* Build configuration list for PBXProject "socketDemo" */ = {
			isa = XCConfigurationList;
			buildConfigurations = (
				FF2D7AE024CFE52600AC5882 /* Debug */,
				FF2D7AE124CFE52600AC5882 /* Release */,
			);
			defaultConfigurationIsVisible = 0;
			defaultConfigurationName = Release;
		};
		FF2D7AE224CFE52600AC5882 /* Build configuration list for PBXNativeTarget "socketDemo" */ = {
			isa = XCConfigurationList;
			buildConfigurations = (
				FF2D7AE324CFE52600AC5882 /* Debug */,
				FF2D7AE424CFE52600AC5882 /* Release */,
			);
			defaultConfigurationIsVisible = 0;
			defaultConfigurationName = Release;
		};
/* End XCConfigurationList section */
	};
	rootObject = FF2D7AC124CFE52400AC5882 /* Project object */;
}
